
Microsoft Visual Studio Solution File, Format Version 12.00
# Visual Studio Version 17
VisualStudioVersion = 17.7.34018.315
MinimumVisualStudioVersion = 10.0.40219.1
Project("{F184B08F-C81C-45F6-A57F-5ABD9991F28F}") = "Repaso3_Unidad2", "Repaso3_Unidad2.vbproj", "{942F60E0-C353-4DBE-92D4-96F7BC1C3C83}"
EndProject
Global
	GlobalSection(SolutionConfigurationPlatforms) = preSolution
		Debug|Any CPU = Debug|Any CPU
		Release|Any CPU = Release|Any CPU
	EndGlobalSection
	GlobalSection(ProjectConfigurationPlatforms) = postSolution
		{942F60E0-C353-4DBE-92D4-96F7BC1C3C83}.Debug|Any CPU.ActiveCfg = Debug|Any CPU
		{942F60E0-C353-4DBE-92D4-96F7BC1C3C83}.Debug|Any CPU.Build.0 = Debug|Any CPU
		{942F60E0-C353-4DBE-92D4-96F7BC1C3C83}.Release|Any CPU.ActiveCfg = Release|Any CPU
		{942F60E0-C353-4DBE-92D4-96F7BC1C3C83}.Release|Any CPU.Build.0 = Release|Any CPU
	EndGlobalSection
	GlobalSection(SolutionProperties) = preSolution
		HideSolutionNode = FALSE
	EndGlobalSection
	GlobalSection(ExtensibilityGlobals) = postSolution
		SolutionGuid = {1F355E91-C15C-478E-B116-4A97AE316AFD}
	EndGlobalSection
EndGlobal
